
Microsoft Visual Studio Solution File, Format Version 12.00
# Visual Studio Version 17
VisualStudioVersion = 17.7.34031.279
MinimumVisualStudioVersion = 10.0.40219.1
Project("{FAE04EC0-301F-11D3-BF4B-00C04F79EFBC}") = "PM2E147.Android", "PM2E147.Android\PM2E147.Android.csproj", "{4761BD78-E203-4076-A4F0-75C51866E555}"
EndProject
Project("{FAE04EC0-301F-11D3-BF4B-00C04F79EFBC}") = "PM2E147", "PM2E147\PM2E147.csproj", "{114DA81E-6E7F-4477-BD0C-00F8A762F1F7}"
EndProject
Global
	GlobalSection(SolutionConfigurationPlatforms) = preSolution
		Debug|Any CPU = Debug|Any CPU
		Release|Any CPU = Release|Any CPU
	EndGlobalSection
	GlobalSection(ProjectConfigurationPlatforms) = postSolution
		{4761BD78-E203-4076-A4F0-75C51866E555}.Debug|Any CPU.ActiveCfg = Debug|Any CPU
		{4761BD78-E203-4076-A4F0-75C51866E555}.Debug|Any CPU.Build.0 = Debug|Any CPU
		{4761BD78-E203-4076-A4F0-75C51866E555}.Debug|Any CPU.Deploy.0 = Debug|Any CPU
		{4761BD78-E203-4076-A4F0-75C51866E555}.Release|Any CPU.ActiveCfg = Release|Any CPU
		{4761BD78-E203-4076-A4F0-75C51866E555}.Release|Any CPU.Build.0 = Release|Any CPU
		{4761BD78-E203-4076-A4F0-75C51866E555}.Release|Any CPU.Deploy.0 = Release|Any CPU
		{114DA81E-6E7F-4477-BD0C-00F8A762F1F7}.Debug|Any CPU.ActiveCfg = Debug|Any CPU
		{114DA81E-6E7F-4477-BD0C-00F8A762F1F7}.Debug|Any CPU.Build.0 = Debug|Any CPU
		{114DA81E-6E7F-4477-BD0C-00F8A762F1F7}.Debug|Any CPU.Deploy.0 = Debug|Any CPU
		{114DA81E-6E7F-4477-BD0C-00F8A762F1F7}.Release|Any CPU.ActiveCfg = Release|Any CPU
		{114DA81E-6E7F-4477-BD0C-00F8A762F1F7}.Release|Any CPU.Build.0 = Release|Any CPU
		{114DA81E-6E7F-4477-BD0C-00F8A762F1F7}.Release|Any CPU.Deploy.0 = Release|Any CPU
	EndGlobalSection
	GlobalSection(SolutionProperties) = preSolution
		HideSolutionNode = FALSE
	EndGlobalSection
	GlobalSection(ExtensibilityGlobals) = postSolution
		SolutionGuid = {E6C93E37-227C-4E4E-B833-603AF9D1A4CB}
	EndGlobalSection
EndGlobal
